// !$*UTF8*$!
{
	archiveVersion = 1;
	classes = {
	};
	objectVersion = 110;
	objects = {

/* Begin PBXBuildFile section */
		D37CE439306AC2D600BB5356 /* Alamofire in Frameworks */ = {isa = PBXBuildFile; productRef = D37CE438306AC2D600BB5356 /* Alamofire */; };
/* End PBXBuildFile section */

/* Begin PBXContainerItemProxy section */
		D37CE3E2306541C500BB5356 /* PBXContainerItemProxy */ = {
			isa = PBXContainerItemProxy;
			containerPortal = D37CE3C7306541C400BB5356 /* Project object */;
			proxyType = 1;
			remoteGlobalIDString = D37CE3CE306541C400BB5356;
			remoteInfo = ProductStore;
		};
		D37CE3EC306541C500BB5356 /* PBXContainerItemProxy */ = {
			isa = PBXContainerItemProxy;
			containerPortal = D37CE3C7306541C400BB5356 /* Project object */;
			proxyType = 1;
			remoteGlobalIDString = D37CE3CE306541C400BB5356;
			remoteInfo = ProductStore;
		};
/* End PBXContainerItemProxy section */

/* Begin PBXFileReference section */
		D37CE3CF306541C400BB5356 /* ProductStore.app */ = {isa = PBXFileReference; explicitFileType = wrapper.application; includeInIndex = 0; path = ProductStore.app; sourceTree = BUILT_PRODUCTS_DIR; };
		D37CE3E1306541C500BB5356 /* ProductStoreTests.xctest */ = {isa = PBXFileReference; explicitFileType = wrapper.cfbundle; includeInIndex = 0; path = ProductStoreTests.xctest; sourceTree = BUILT_PRODUCTS_DIR; };
		D37CE3EB306541C500BB5356 /* ProductStoreUITests.xctest */ = {isa = PBXFileReference; explicitFileType = wrapper.cfbundle; includeInIndex = 0; path = ProductStoreUITests.xctest; sourceTree = BUILT_PRODUCTS_DIR; };
/* End PBXFileReference section */

/* Begin PBXFileSystemSynchronizedRootGroup section */
		D37CE3D1306541C400BB5356 /* ProductStore */ = {
			isa = PBXFileSystemSynchronizedRootGroup;
			path = ProductStore;
			sourceTree = "<group>";
		};
		D37CE3E4306541C500BB5356 /* ProductStoreTests */ = {
			isa = PBXFileSystemSynchronizedRootGroup;
			path = ProductStoreTests;
			sourceTree = "<group>";
		};
		D37CE3EE306541C500BB5356 /* ProductStoreUITests */ = {
			isa = PBXFileSystemSynchronizedRootGroup;
			path = ProductStoreUITests;
			sourceTree = "<group>";
		};
/* End PBXFileSystemSynchronizedRootGroup section */

/* Begin PBXFrameworksBuildPhase section */
		D37CE3CC306541C400BB5356 /* Frameworks */ = {
			isa = PBXFrameworksBuildPhase;
			files = (
				D37CE439306AC2D600BB5356 /* Alamofire in Frameworks */,
			);
		};
		D37CE3DE306541C500BB5356 /* Frameworks */ = {
			isa = PBXFrameworksBuildPhase;
			files = (
			);
		};
		D37CE3E8306541C500BB5356 /* Frameworks */ = {
			isa = PBXFrameworksBuildPhase;
			files = (
			);
		};
/* End PBXFrameworksBuildPhase section */

/* Begin PBXGroup section */
		D37CE3C6306541C400BB5356 = {
			isa = PBXGroup;
			children = (
				D37CE3D1306541C400BB5356 /* ProductStore */,
				D37CE3E4306541C500BB5356 /* ProductStoreTests */,
				D37CE3EE306541C500BB5356 /* ProductStoreUITests */,
				D37CE3D0306541C400BB5356 /* Products */,
			);
			sourceTree = "<group>";
		};
		D37CE3D0306541C400BB5356 /* Products */ = {
			isa = PBXGroup;
			children = (
				D37CE3CF306541C400BB5356 /* ProductStore.app */,
				D37CE3E1306541C500BB5356 /* ProductStoreTests.xctest */,
				D37CE3EB306541C500BB5356 /* ProductStoreUITests.xctest */,
			);
			name = Products;
			sourceTree = "<group>";
		};
/* End PBXGroup section */

/* Begin PBXNativeTarget section */
		D37CE3CE306541C400BB5356 /* ProductStore */ = {
			isa = PBXNativeTarget;
			buildConfigurationList = D37CE3F3306541C500BB5356 /* Build configuration list for PBXNativeTarget "ProductStore" */;
			buildPhases = (
				D37CE3CB306541C400BB5356 /* Sources */,
				D37CE3CC306541C400BB5356 /* Frameworks */,
				D37CE3CD306541C400BB5356 /* Resources */,
			);
			buildRules = (
			);
			fileSystemSynchronizedGroups = (
				D37CE3D1306541C400BB5356 /* ProductStore */,
			);
			name = ProductStore;
			packageProductDependencies = (
				D37CE438306AC2D600BB5356 /* Alamofire */,
				D37CE43A306AC2D600BB5356 /* AlamofireDynamic */,
			);
			productName = ProductStore;
			productReference = D37CE3CF306541C400BB5356 /* ProductStore.app */;
			productType = "com.apple.product-type.application";
		};
		D37CE3E0306541C500BB5356 /* ProductStoreTests */ = {
			isa = PBXNativeTarget;
			buildConfigurationList = D37CE3F6306541C500BB5356 /* Build configuration list for PBXNativeTarget "ProductStoreTests" */;
			buildPhases = (
				D37CE3DD306541C500BB5356 /* Sources */,
				D37CE3DE306541C500BB5356 /* Frameworks */,
				D37CE3DF306541C500BB5356 /* Resources */,
			);
			buildRules = (
			);
			dependencies = (
				D37CE3E3306541C500BB5356 /* PBXTargetDependency */,
			);
			fileSystemSynchronizedGroups = (
				D37CE3E4306541C500BB5356 /* ProductStoreTests */,
			);
			name = ProductStoreTests;
			productName = ProductStoreTests;
			productReference = D37CE3E1306541C500BB5356 /* ProductStoreTests.xctest */;
			productType = "com.apple.product-type.bundle.unit-test";
		};
		D37CE3EA306541C500BB5356 /* ProductStoreUITests */ = {
			isa = PBXNativeTarget;
			buildConfigurationList = D37CE3F9306541C500BB5356 /* Build configuration list for PBXNativeTarget "ProductStoreUITests" */;
			buildPhases = (
				D37CE3E7306541C500BB5356 /* Sources */,
				D37CE3E8306541C500BB5356 /* Frameworks */,
				D37CE3E9306541C500BB5356 /* Resources */,
			);
			buildRules = (
			);
			dependencies = (
				D37CE3ED306541C500BB5356 /* PBXTargetDependency */,
			);
			fileSystemSynchronizedGroups = (
				D37CE3EE306541C500BB5356 /* ProductStoreUITests */,
			);
			name = ProductStoreUITests;
			productName = ProductStoreUITests;
			productReference = D37CE3EB306541C500BB5356 /* ProductStoreUITests.xctest */;
			productType = "com.apple.product-type.bundle.ui-testing";
		};
/* End PBXNativeTarget section */

/* Begin PBXProject section */
		D37CE3C7306541C400BB5356 /* Project object */ = {
			isa = PBXProject;
			attributes = {
				BuildIndependentTargetsInParallel = 1;
				LastSwiftUpdateCheck = 2700;
				LastUpgradeCheck = 2700;
				TargetAttributes = {
					D37CE3CE306541C400BB5356 = {
						CreatedOnToolsVersion = 27.0;
					};
					D37CE3E0306541C500BB5356 = {
						CreatedOnToolsVersion = 27.0;
						TestTargetID = D37CE3CE306541C400BB5356;
					};
					D37CE3EA306541C500BB5356 = {
						CreatedOnToolsVersion = 27.0;
						TestTargetID = D37CE3CE306541C400BB5356;
					};
				};
			};
			buildConfigurationList = D37CE3CA306541C400BB5356 /* Build configuration list for PBXProject "ProductStore" */;
			developmentRegion = en;
			hasScannedForEncodings = 0;
			knownRegions = (
				en,
				Base,
			);
			mainGroup = D37CE3C6306541C400BB5356;
			minimizedProjectReferenceProxies = 1;
			packageReferences = (
				D37CE437306AC2D600BB5356 /* XCRemoteSwiftPackageReference "Alamofire" */,
			);
			preferredProjectObjectVersion = 77;
			productRefGroup = D37CE3D0306541C400BB5356 /* Products */;
			projectDirPath = "";
			projectRoot = "";
			targets = (
				D37CE3CE306541C400BB5356 /* ProductStore */,
				D37CE3E0306541C500BB5356 /* ProductStoreTests */,
				D37CE3EA306541C500BB5356 /* ProductStoreUITests */,
			);
		};
/* End PBXProject section */

/* Begin PBXResourcesBuildPhase section */
		D37CE3CD306541C400BB5356 /* Resources */ = {
			isa = PBXResourcesBuildPhase;
			files = (
			);
		};
		D37CE3DF306541C500BB5356 /* Resources */ = {
			isa = PBXResourcesBuildPhase;
			files = (
			);
		};
		D37CE3E9306541C500BB5356 /* Resources */ = {
			isa = PBXResourcesBuildPhase;
			files = (
			);
		};
/* End PBXResourcesBuildPhase section */

/* Begin PBXSourcesBuildPhase section */
		D37CE3CB306541C400BB5356 /* Sources */ = {
			isa = PBXSourcesBuildPhase;
			files = (
			);
		};
		D37CE3DD306541C500BB5356 /* Sources */ = {
			isa = PBXSourcesBuildPhase;
			files = (
			);
		};
		D37CE3E7306541C500BB5356 /* Sources */ = {
			isa = PBXSourcesBuildPhase;
			files = (
			);
		};
/* End PBXSourcesBuildPhase section */

/* Begin PBXTargetDependency section */
		D37CE3E3306541C500BB5356 /* PBXTargetDependency */ = {
			isa = PBXTargetDependency;
			target = D37CE3CE306541C400BB5356 /* ProductStore */;
			targetProxy = D37CE3E2306541C500BB5356 /* PBXContainerItemProxy */;
		};
		D37CE3ED306541C500BB5356 /* PBXTargetDependency */ = {
			isa = PBXTargetDependency;
			target = D37CE3CE306541C400BB5356 /* ProductStore */;
			targetProxy = D37CE3EC306541C500BB5356 /* PBXContainerItemProxy */;
		};
/* End PBXTargetDependency section */

/* Begin XCBuildConfiguration section */
		D37CE3F1306541C500BB5356 /* Debug configuration for PBXProject "ProductStore" */ = {
			isa = XCBuildConfiguration;
			buildSettings = {
				ALWAYS_SEARCH_USER_PATHS = NO;
				ASSETCATALOG_COMPILER_GENERATE_SWIFT_ASSET_SYMBOL_EXTENSIONS = YES;
				CLANG_ANALYZER_NONNULL = YES;
				CLANG_ANALYZER_NUMBER_OBJECT_CONVERSION = YES_AGGRESSIVE;
				CLANG_CXX_LANGUAGE_STANDARD = "gnu++20";
				CLANG_ENABLE_MODULES = YES;
				CLANG_ENABLE_OBJC_ARC = YES;
				CLANG_ENABLE_OBJC_WEAK = YES;
				CLANG_WARN_BLOCK_CAPTURE_AUTORELEASING = YES;
				CLANG_WARN_BOOL_CONVERSION = YES;
				CLANG_WARN_COMMA = YES;
				CLANG_WARN_CONSTANT_CONVERSION = YES;
				CLANG_WARN_DEPRECATED_OBJC_IMPLEMENTATIONS = YES;
				CLANG_WARN_DIRECT_OBJC_ISA_USAGE = YES_ERROR;
				CLANG_WARN_DOCUMENTATION_COMMENTS = YES;
				CLANG_WARN_EMPTY_BODY = YES;
				CLANG_WARN_ENUM_CONVERSION = YES;
				CLANG_WARN_INFINITE_RECURSION = YES;
				CLANG_WARN_INT_CONVERSION = YES;
				CLANG_WARN_NON_LITERAL_NULL_CONVERSION = YES;
				CLANG_WARN_OBJC_IMPLICIT_RETAIN_SELF = YES;
				CLANG_WARN_OBJC_LITERAL_CONVERSION = YES;
				CLANG_WARN_OBJC_ROOT_CLASS = YES_ERROR;
				CLANG_WARN_QUOTED_INCLUDE_IN_FRAMEWORK_HEADER = YES;
				CLANG_WARN_RANGE_LOOP_ANALYSIS = YES;
				CLANG_WARN_STRICT_PROTOTYPES = YES;
				CLANG_WARN_SUSPICIOUS_MOVE = YES;
				CLANG_WARN_UNGUARDED_AVAILABILITY = YES_AGGRESSIVE;
				CLANG_WARN_UNREACHABLE_CODE = YES;
				CLANG_WARN__DUPLICATE_METHOD_MATCH = YES;
				COPY_PHASE_STRIP = NO;
				DEBUG_INFORMATION_FORMAT = dwarf;
				DEVELOPMENT_TEAM = V69Z2XQ5GM;
				ENABLE_STRICT_OBJC_MSGSEND = YES;
				ENABLE_TESTABILITY = YES;
				ENABLE_USER_SCRIPT_SANDBOXING = YES;
				GCC_C_LANGUAGE_STANDARD = gnu17;
				GCC_DYNAMIC_NO_PIC = NO;
				GCC_NO_COMMON_BLOCKS = YES;
				GCC_OPTIMIZATION_LEVEL = 0;
				GCC_PREPROCESSOR_DEFINITIONS = (
					"DEBUG=1",
					"$(inherited)",
				);
				GCC_WARN_64_TO_32_BIT_CONVERSION = YES;
				GCC_WARN_ABOUT_RETURN_TYPE = YES_ERROR;
				GCC_WARN_UNDECLARED_SELECTOR = YES;
				GCC_WARN_UNINITIALIZED_AUTOS = YES_AGGRESSIVE;
				GCC_WARN_UNUSED_FUNCTION = YES;
				GCC_WARN_UNUSED_VARIABLE = YES;
				IPHONEOS_DEPLOYMENT_TARGET = 27.0;
				LOCALIZATION_PREFERS_STRING_CATALOGS = YES;
				MTL_ENABLE_DEBUG_INFO = INCLUDE_SOURCE;
				MTL_FAST_MATH = YES;
				ONLY_ACTIVE_ARCH = YES;
				SDKROOT = iphoneos;
				SWIFT_ACTIVE_COMPILATION_CONDITIONS = "DEBUG $(inherited)";
				SWIFT_OPTIMIZATION_LEVEL = "-Onone";
			};
			name = Debug;
		};
		D37CE3F2306541C500BB5356 /* Release configuration for PBXProject "ProductStore" */ = {
			isa = XCBuildConfiguration;
			buildSettings = {
				ALWAYS_SEARCH_USER_PATHS = NO;
				ASSETCATALOG_COMPILER_GENERATE_SWIFT_ASSET_SYMBOL_EXTENSIONS = YES;
				CLANG_ANALYZER_NONNULL = YES;
				CLANG_ANALYZER_NUMBER_OBJECT_CONVERSION = YES_AGGRESSIVE;
				CLANG_CXX_LANGUAGE_STANDARD = "gnu++20";
				CLANG_ENABLE_MODULES = YES;
				CLANG_ENABLE_OBJC_ARC = YES;
				CLANG_ENABLE_OBJC_WEAK = YES;
				CLANG_WARN_BLOCK_CAPTURE_AUTORELEASING = YES;
				CLANG_WARN_BOOL_CONVERSION = YES;
				CLANG_WARN_COMMA = YES;
				CLANG_WARN_CONSTANT_CONVERSION = YES;
				CLANG_WARN_DEPRECATED_OBJC_IMPLEMENTATIONS = YES;
				CLANG_WARN_DIRECT_OBJC_ISA_USAGE = YES_ERROR;
				CLANG_WARN_DOCUMENTATION_COMMENTS = YES;
				CLANG_WARN_EMPTY_BODY = YES;
				CLANG_WARN_ENUM_CONVERSION = YES;
				CLANG_WARN_INFINITE_RECURSION = YES;
				CLANG_WARN_INT_CONVERSION = YES;
				CLANG_WARN_NON_LITERAL_NULL_CONVERSION = YES;
				CLANG_WARN_OBJC_IMPLICIT_RETAIN_SELF = YES;
				CLANG_WARN_OBJC_LITERAL_CONVERSION = YES;
				CLANG_WARN_OBJC_ROOT_CLASS = YES_ERROR;
				CLANG_WARN_QUOTED_INCLUDE_IN_FRAMEWORK_HEADER = YES;
				CLANG_WARN_RANGE_LOOP_ANALYSIS = YES;
				CLANG_WARN_STRICT_PROTOTYPES = YES;
				CLANG_WARN_SUSPICIOUS_MOVE = YES;
				CLANG_WARN_UNGUARDED_AVAILABILITY = YES_AGGRESSIVE;
				CLANG_WARN_UNREACHABLE_CODE = YES;
				CLANG_WARN__DUPLICATE_METHOD_MATCH = YES;
				COPY_PHASE_STRIP = NO;
				DEBUG_INFORMATION_FORMAT = "dwarf-with-dsym";
				DEVELOPMENT_TEAM = V69Z2XQ5GM;
				ENABLE_NS_ASSERTIONS = NO;
				ENABLE_STRICT_OBJC_MSGSEND = YES;
				ENABLE_USER_SCRIPT_SANDBOXING = YES;
				GCC_C_LANGUAGE_STANDARD = gnu17;
				GCC_NO_COMMON_BLOCKS = YES;
				GCC_WARN_64_TO_32_BIT_CONVERSION = YES;
				GCC_WARN_ABOUT_RETURN_TYPE = YES_ERROR;
				GCC_WARN_UNDECLARED_SELECTOR = YES;
				GCC_WARN_UNINITIALIZED_AUTOS = YES_AGGRESSIVE;
				GCC_WARN_UNUSED_FUNCTION = YES;
				GCC_WARN_UNUSED_VARIABLE = YES;
				IPHONEOS_DEPLOYMENT_TARGET = 27.0;
				LOCALIZATION_PREFERS_STRING_CATALOGS = YES;
				MTL_ENABLE_DEBUG_INFO = NO;
				MTL_FAST_MATH = YES;
				SDKROOT = iphoneos;
				SWIFT_COMPILATION_MODE = wholemodule;
				VALIDATE_PRODUCT = YES;
			};
			name = Release;
		};
		D37CE3F4306541C500BB5356 /* Debug configuration for PBXNativeTarget "ProductStore" */ = {
			isa = XCBuildConfiguration;
			buildSettings = {
				ASSETCATALOG_COMPILER_APPICON_NAME = AppIcon;
				ASSETCATALOG_COMPILER_GLOBAL_ACCENT_COLOR_NAME = AccentColor;
				CODE_SIGN_STYLE = Automatic;
				CURRENT_PROJECT_VERSION = 1;
				DEVELOPMENT_TEAM = V69Z2XQ5GM;
				ENABLE_PREVIEWS = YES;
				GENERATE_INFOPLIST_FILE = YES;
				INFOPLIST_KEY_UIApplicationSceneManifest_Generation = YES;
				INFOPLIST_KEY_UIApplicationSupportsIndirectInputEvents = YES;
				INFOPLIST_KEY_UILaunchScreen_Generation = YES;
				INFOPLIST_KEY_UISupportedInterfaceOrientations_iPad = "UIInterfaceOrientationPortrait UIInterfaceOrientationPortraitUpsideDown UIInterfaceOrientationLandscapeLeft UIInterfaceOrientationLandscapeRight";
				INFOPLIST_KEY_UISupportedInterfaceOrientations_iPhone = "UIInterfaceOrientationPortrait UIInterfaceOrientationLandscapeLeft UIInterfaceOrientationLandscapeRight";
				LD_RUNPATH_SEARCH_PATHS = (
					"$(inherited)",
					"@executable_path/Frameworks",
				);
				MARKETING_VERSION = 1.0;
				PRODUCT_BUNDLE_IDENTIFIER = appadore.ProductStore;
				PRODUCT_NAME = "$(TARGET_NAME)";
				STRING_CATALOG_GENERATE_SYMBOLS = YES;
				SWIFT_APPROACHABLE_CONCURRENCY = YES;
				SWIFT_DEFAULT_ACTOR_ISOLATION = MainActor;
				SWIFT_EMIT_LOC_STRINGS = YES;
				SWIFT_UPCOMING_FEATURE_MEMBER_IMPORT_VISIBILITY = YES;
				SWIFT_VERSION = 5.0;
				TARGETED_DEVICE_FAMILY = "1,2";
			};
			name = Debug;
		};
		D37CE3F5306541C500BB5356 /* Release configuration for PBXNativeTarget "ProductStore" */ = {
			isa = XCBuildConfiguration;
			buildSettings = {
				ASSETCATALOG_COMPILER_APPICON_NAME = AppIcon;
				ASSETCATALOG_COMPILER_GLOBAL_ACCENT_COLOR_NAME = AccentColor;
				CODE_SIGN_STYLE = Automatic;
				CURRENT_PROJECT_VERSION = 1;
				DEVELOPMENT_TEAM = V69Z2XQ5GM;
				ENABLE_PREVIEWS = YES;
				GENERATE_INFOPLIST_FILE = YES;
				INFOPLIST_KEY_UIApplicationSceneManifest_Generation = YES;
				INFOPLIST_KEY_UIApplicationSupportsIndirectInputEvents = YES;
				INFOPLIST_KEY_UILaunchScreen_Generation = YES;
				INFOPLIST_KEY_UISupportedInterfaceOrientations_iPad = "UIInterfaceOrientationPortrait UIInterfaceOrientationPortraitUpsideDown UIInterfaceOrientationLandscapeLeft UIInterfaceOrientationLandscapeRight";
				INFOPLIST_KEY_UISupportedInterfaceOrientations_iPhone = "UIInterfaceOrientationPortrait UIInterfaceOrientationLandscapeLeft UIInterfaceOrientationLandscapeRight";
				LD_RUNPATH_SEARCH_PATHS = (
					"$(inherited)",
					"@executable_path/Frameworks",
				);
				MARKETING_VERSION = 1.0;
				PRODUCT_BUNDLE_IDENTIFIER = appadore.ProductStore;
				PRODUCT_NAME = "$(TARGET_NAME)";
				STRING_CATALOG_GENERATE_SYMBOLS = YES;
				SWIFT_APPROACHABLE_CONCURRENCY = YES;
				SWIFT_DEFAULT_ACTOR_ISOLATION = MainActor;
				SWIFT_EMIT_LOC_STRINGS = YES;
				SWIFT_UPCOMING_FEATURE_MEMBER_IMPORT_VISIBILITY = YES;
				SWIFT_VERSION = 5.0;
				TARGETED_DEVICE_FAMILY = "1,2";
			};
			name = Release;
		};
		D37CE3F7306541C500BB5356 /* Debug configuration for PBXNativeTarget "ProductStoreTests" */ = {
			isa = XCBuildConfiguration;
			buildSettings = {
				BUNDLE_LOADER = "$(TEST_HOST)";
				CODE_SIGN_STYLE = Automatic;
				CURRENT_PROJECT_VERSION = 1;
				DEVELOPMENT_TEAM = V69Z2XQ5GM;
				GENERATE_INFOPLIST_FILE = YES;
				IPHONEOS_DEPLOYMENT_TARGET = 27.0;
				MARKETING_VERSION = 1.0;
				PRODUCT_BUNDLE_IDENTIFIER = appadore.ProductStoreTests;
				PRODUCT_NAME = "$(TARGET_NAME)";
				STRING_CATALOG_GENERATE_SYMBOLS = NO;
				SWIFT_APPROACHABLE_CONCURRENCY = YES;
				SWIFT_EMIT_LOC_STRINGS = NO;
				SWIFT_UPCOMING_FEATURE_MEMBER_IMPORT_VISIBILITY = YES;
				SWIFT_VERSION = 5.0;
				TARGETED_DEVICE_FAMILY = "1,2";
				TEST_HOST = "$(BUILT_PRODUCTS_DIR)/ProductStore.app/$(BUNDLE_EXECUTABLE_FOLDER_PATH)/ProductStore";
			};
			name = Debug;
		};
		D37CE3F8306541C500BB5356 /* Release configuration for PBXNativeTarget "ProductStoreTests" */ = {
			isa = XCBuildConfiguration;
			buildSettings = {
				BUNDLE_LOADER = "$(TEST_HOST)";
				CODE_SIGN_STYLE = Automatic;
				CURRENT_PROJECT_VERSION = 1;
				DEVELOPMENT_TEAM = V69Z2XQ5GM;
				GENERATE_INFOPLIST_FILE = YES;
				IPHONEOS_DEPLOYMENT_TARGET = 27.0;
				MARKETING_VERSION = 1.0;
				PRODUCT_BUNDLE_IDENTIFIER = appadore.ProductStoreTests;
				PRODUCT_NAME = "$(TARGET_NAME)";
				STRING_CATALOG_GENERATE_SYMBOLS = NO;
				SWIFT_APPROACHABLE_CONCURRENCY = YES;
				SWIFT_EMIT_LOC_STRINGS = NO;
				SWIFT_UPCOMING_FEATURE_MEMBER_IMPORT_VISIBILITY = YES;
				SWIFT_VERSION = 5.0;
				TARGETED_DEVICE_FAMILY = "1,2";
				TEST_HOST = "$(BUILT_PRODUCTS_DIR)/ProductStore.app/$(BUNDLE_EXECUTABLE_FOLDER_PATH)/ProductStore";
			};
			name = Release;
		};
		D37CE3FA306541C500BB5356 /* Debug configuration for PBXNativeTarget "ProductStoreUITests" */ = {
			isa = XCBuildConfiguration;
			buildSettings = {
				CODE_SIGN_STYLE = Automatic;
				CURRENT_PROJECT_VERSION = 1;
				DEVELOPMENT_TEAM = V69Z2XQ5GM;
				GENERATE_INFOPLIST_FILE = YES;
				MARKETING_VERSION = 1.0;
				PRODUCT_BUNDLE_IDENTIFIER = appadore.ProductStoreUITests;
				PRODUCT_NAME = "$(TARGET_NAME)";
				STRING_CATALOG_GENERATE_SYMBOLS = NO;
				SWIFT_APPROACHABLE_CONCURRENCY = YES;
				SWIFT_EMIT_LOC_STRINGS = NO;
				SWIFT_UPCOMING_FEATURE_MEMBER_IMPORT_VISIBILITY = YES;
				SWIFT_VERSION = 5.0;
				TARGETED_DEVICE_FAMILY = "1,2";
				TEST_TARGET_NAME = ProductStore;
			};
			name = Debug;
		};
		D37CE3FB306541C500BB5356 /* Release configuration for PBXNativeTarget "ProductStoreUITests" */ = {
			isa = XCBuildConfiguration;
			buildSettings = {
				CODE_SIGN_STYLE = Automatic;
				CURRENT_PROJECT_VERSION = 1;
				DEVELOPMENT_TEAM = V69Z2XQ5GM;
				GENERATE_INFOPLIST_FILE = YES;
				MARKETING_VERSION = 1.0;
				PRODUCT_BUNDLE_IDENTIFIER = appadore.ProductStoreUITests;
				PRODUCT_NAME = "$(TARGET_NAME)";
				STRING_CATALOG_GENERATE_SYMBOLS = NO;
				SWIFT_APPROACHABLE_CONCURRENCY = YES;
				SWIFT_EMIT_LOC_STRINGS = NO;
				SWIFT_UPCOMING_FEATURE_MEMBER_IMPORT_VISIBILITY = YES;
				SWIFT_VERSION = 5.0;
				TARGETED_DEVICE_FAMILY = "1,2";
				TEST_TARGET_NAME = ProductStore;
			};
			name = Release;
		};
/* End XCBuildConfiguration section */

/* Begin XCConfigurationList section */
		D37CE3CA306541C400BB5356 /* Build configuration list for PBXProject "ProductStore" */ = {
			isa = XCConfigurationList;
			buildConfigurations = (
				D37CE3F1306541C500BB5356 /* Debug configuration for PBXProject "ProductStore" */,
				D37CE3F2306541C500BB5356 /* Release configuration for PBXProject "ProductStore" */,
			);
			defaultConfigurationName = Release;
		};
		D37CE3F3306541C500BB5356 /* Build configuration list for PBXNativeTarget "ProductStore" */ = {
			isa = XCConfigurationList;
			buildConfigurations = (
				D37CE3F4306541C500BB5356 /* Debug configuration for PBXNativeTarget "ProductStore" */,
				D37CE3F5306541C500BB5356 /* Release configuration for PBXNativeTarget "ProductStore" */,
			);
			defaultConfigurationName = Release;
		};
		D37CE3F6306541C500BB5356 /* Build configuration list for PBXNativeTarget "ProductStoreTests" */ = {
			isa = XCConfigurationList;
			buildConfigurations = (
				D37CE3F7306541C500BB5356 /* Debug configuration for PBXNativeTarget "ProductStoreTests" */,
				D37CE3F8306541C500BB5356 /* Release configuration for PBXNativeTarget "ProductStoreTests" */,
			);
			defaultConfigurationName = Release;
		};
		D37CE3F9306541C500BB5356 /* Build configuration list for PBXNativeTarget "ProductStoreUITests" */ = {
			isa = XCConfigurationList;
			buildConfigurations = (
				D37CE3FA306541C500BB5356 /* Debug configuration for PBXNativeTarget "ProductStoreUITests" */,
				D37CE3FB306541C500BB5356 /* Release configuration for PBXNativeTarget "ProductStoreUITests" */,
			);
			defaultConfigurationName = Release;
		};
/* End XCConfigurationList section */

/* Begin XCRemoteSwiftPackageReference section */
		D37CE437306AC2D600BB5356 /* XCRemoteSwiftPackageReference "Alamofire" */ = {
			isa = XCRemoteSwiftPackageReference;
			repositoryURL = "https://github.com/Alamofire/Alamofire.git";
			requirement = {
				kind = upToNextMajorVersion;
				minimumVersion = 5.12.2;
			};
		};
/* End XCRemoteSwiftPackageReference section */

/* Begin XCSwiftPackageProductDependency section */
		D37CE438306AC2D600BB5356 /* Alamofire */ = {
			isa = XCSwiftPackageProductDependency;
			package = D37CE437306AC2D600BB5356 /* XCRemoteSwiftPackageReference "Alamofire" */;
			productName = Alamofire;
		};
		D37CE43A306AC2D600BB5356 /* AlamofireDynamic */ = {
			isa = XCSwiftPackageProductDependency;
			package = D37CE437306AC2D600BB5356 /* XCRemoteSwiftPackageReference "Alamofire" */;
			productName = AlamofireDynamic;
		};
/* End XCSwiftPackageProductDependency section */
	};
	rootObject = D37CE3C7306541C400BB5356 /* Project object */;
	validationLevel = 1;
}
